<?xml version="1.0" encoding="utf-8"?>
<Project ToolsVersion="4.0" xmlns="http://schemas.microsoft.com/developer/msbuild/2003">
  <ItemGroup>
    <Filter Include="源文件">
      <UniqueIdentifier>{4FC737F1-C7A5-4376-A066-2A32D752A2FF}</UniqueIdentifier>
      <Extensions>cpp;c;cc;cxx;def;odl;idl;hpj;bat;asm;asmx</Extensions>
    </Filter>
    <Filter Include="头文件">
      <UniqueIdentifier>{93995380-89BD-4b04-88EB-625FBE52EBFB}</UniqueIdentifier>
      <Extensions>h;hh;hpp;hxx;hm;inl;inc;xsd</Extensions>
    </Filter>
    <Filter Include="res">
      <UniqueIdentifier>{77556bcb-a436-47c9-9d23-7cb0860f3bca}</UniqueIdentifier>
    </Filter>
    <Filter Include="res\shaders">
      <UniqueIdentifier>{66dfc95f-6e15-4165-a723-b278aefe05cb}</UniqueIdentifier>
    </Filter>
    <Filter Include="头文件\stb_image">
      <UniqueIdentifier>{17281140-4bc0-4794-ae22-ccc5b2ca05f0}</UniqueIdentifier>
    </Filter>
    <Filter Include="头文件\imgui">
      <UniqueIdentifier>{2474dc93-71c2-4bc6-b244-b98f3d9f45c6}</UniqueIdentifier>
    </Filter>
    <Filter Include="头文件\tests">
      <UniqueIdentifier>{c262e8bc-442d-49be-8868-6fd8cce95229}</UniqueIdentifier>
    </Filter>
  </ItemGroup>
  <ItemGroup>
    <ClCompile Include="test-01.cpp">
      <Filter>源文件</Filter>
    </ClCompile>
    <ClCompile Include="step-01.cpp">
      <Filter>源文件</Filter>
    </ClCompile>
    <ClCompile Include="step-02.cpp">
      <Filter>源文件</Filter>
    </ClCompile>
    <ClCompile Include="step-03.cpp">
      <Filter>源文件</Filter>
    </ClCompile>
    <ClCompile Include="step-04.cpp">
      <Filter>源文件</Filter>
    </ClCompile>
    <ClCompile Include="step-05.cpp">
      <Filter>源文件</Filter>
    </ClCompile>
    <ClCompile Include="step-06.cpp">
      <Filter>源文件</Filter>
    </ClCompile>
    <ClCompile Include="step-07.cpp">
      <Filter>源文件</Filter>
    </ClCompile>
    <ClCompile Include="step-08.cpp">
      <Filter>源文件</Filter>
    </ClCompile>
    <ClCompile Include="step-09.cpp">
      <Filter>源文件</Filter>
    </ClCompile>
    <ClCompile Include="step-10.cpp">
      <Filter>源文件</Filter>
    </ClCompile>
    <ClCompile Include="Renderer.cpp">
      <Filter>头文件</Filter>
    </ClCompile>
    <ClCompile Include="VertexBuffer.cpp">
      <Filter>头文件</Filter>
    </ClCompile>
    <ClCompile Include="IndexBuffer.cpp">
      <Filter>头文件</Filter>
    </ClCompile>
    <ClCompile Include="step-11.cpp">
      <Filter>源文件</Filter>
    </ClCompile>
    <ClCompile Include="VertexArray.cpp">
      <Filter>头文件</Filter>
    </ClCompile>
    <ClCompile Include="VertexBufferLayout.cpp">
      <Filter>头文件</Filter>
    </ClCompile>
    <ClCompile Include="step-12.cpp">
      <Filter>源文件</Filter>
    </ClCompile>
    <ClCompile Include="Shader.cpp">
      <Filter>头文件</Filter>
    </ClCompile>
    <ClCompile Include="step-13.cpp">
      <Filter>源文件</Filter>
    </ClCompile>
    <ClCompile Include="step-14.cpp">
      <Filter>源文件</Filter>
    </ClCompile>
    <ClCompile Include="Texture.cpp">
      <Filter>头文件</Filter>
    </ClCompile>
    <ClCompile Include="step-15.cpp">
      <Filter>源文件</Filter>
    </ClCompile>
    <ClCompile Include="step-16.cpp">
      <Filter>源文件</Filter>
    </ClCompile>
    <ClCompile Include="step-17.cpp">
      <Filter>源文件</Filter>
    </ClCompile>
    <ClCompile Include="step-18.cpp">
      <Filter>源文件</Filter>
    </ClCompile>
    <ClCompile Include="step-19.cpp">
      <Filter>源文件</Filter>
    </ClCompile>
    <ClCompile Include="stb_image\stb_image.cpp">
      <Filter>头文件\stb_image</Filter>
    </ClCompile>
    <ClCompile Include="imgui\imgui.cpp">
      <Filter>头文件\imgui</Filter>
    </ClCompile>
    <ClCompile Include="imgui\imgui_demo.cpp">
      <Filter>头文件\imgui</Filter>
    </ClCompile>
    <ClCompile Include="imgui\imgui_draw.cpp">
      <Filter>头文件\imgui</Filter>
    </ClCompile>
    <ClCompile Include="imgui\imgui_impl_glfw_gl3.cpp">
      <Filter>头文件\imgui</Filter>
    </ClCompile>
    <ClCompile Include="step-20.cpp">
      <Filter>源文件</Filter>
    </ClCompile>
    <ClCompile Include="step-21.cpp">
      <Filter>源文件</Filter>
    </ClCompile>
    <ClCompile Include="tests\TestClearColor.cpp">
      <Filter>头文件\tests</Filter>
    </ClCompile>
    <ClCompile Include="step-22.cpp">
      <Filter>源文件</Filter>
    </ClCompile>
    <ClCompile Include="tests\Test.cpp">
      <Filter>头文件\tests</Filter>
    </ClCompile>
  </ItemGroup>
  <ItemGroup>
    <None Include="Basic.shader">
      <Filter>res\shaders</Filter>
    </None>
  </ItemGroup>
  <ItemGroup>
    <ClInclude Include="Renderer.h">
      <Filter>头文件</Filter>
    </ClInclude>
    <ClInclude Include="VertexBuffer.h">
      <Filter>头文件</Filter>
    </ClInclude>
    <ClInclude Include="IndexBuffer.h">
      <Filter>头文件</Filter>
    </ClInclude>
    <ClInclude Include="VertexArray.h">
      <Filter>头文件</Filter>
    </ClInclude>
    <ClInclude Include="VertexBufferLayout.h">
      <Filter>头文件</Filter>
    </ClInclude>
    <ClInclude Include="Shader.h">
      <Filter>头文件</Filter>
    </ClInclude>
    <ClInclude Include="Texture.h">
      <Filter>头文件</Filter>
    </ClInclude>
    <ClInclude Include="stb_image\stb_image.h">
      <Filter>头文件\stb_image</Filter>
    </ClInclude>
    <ClInclude Include="imgui\imconfig.h">
      <Filter>头文件\imgui</Filter>
    </ClInclude>
    <ClInclude Include="imgui\imgui.h">
      <Filter>头文件\imgui</Filter>
    </ClInclude>
    <ClInclude Include="imgui\imgui_impl_glfw_gl3.h">
      <Filter>头文件\imgui</Filter>
    </ClInclude>
    <ClInclude Include="imgui\imgui_internal.h">
      <Filter>头文件\imgui</Filter>
    </ClInclude>
    <ClInclude Include="imgui\stb_rect_pack.h">
      <Filter>头文件\imgui</Filter>
    </ClInclude>
    <ClInclude Include="imgui\stb_textedit.h">
      <Filter>头文件\imgui</Filter>
    </ClInclude>
    <ClInclude Include="imgui\stb_truetype.h">
      <Filter>头文件\imgui</Filter>
    </ClInclude>
    <ClInclude Include="tests\Test.h">
      <Filter>头文件\tests</Filter>
    </ClInclude>
    <ClInclude Include="resource.h">
      <Filter>头文件</Filter>
    </ClInclude>
    <ClInclude Include="tests\TestClearColor.h">
      <Filter>头文件\tests</Filter>
    </ClInclude>
  </ItemGroup>
  <ItemGroup>
    <ResourceCompile Include="HelloOpenGL.rc" />
  </ItemGroup>
</Project>